{
  "name": "AwesomeProject",
  "version": "0.1.0",
  "lockfileVersion": 1,
  "requires": true,
  "dependencies": {
    "react-native-table-component": {
      "version": "1.1.8",
      "resolved": "https://registry.npmjs.org/react-native-table-component/-/react-native-table-component-1.1.8.tgz",
      "integrity": "sha512-OBvcqF/LgcmFjcOFZ13a7xc2XvkaVCb91TQCtGD0WPLx0og9meLXOOYHuZHlGArlkV8pfoHDMeNY4QTlrdnK7g=="
    }
  }
}
